
Microsoft Visual Studio Solution File, Format Version 11.00
# Visual Studio 2010
Project("{FAE04EC0-301F-11D3-BF4B-00C04F79EFBC}") = "Assembly-CSharp", "Assembly-CSharp.csproj", "{031A32CB-B0BF-81CF-E1B9-968921B0ED9C}"
EndProject
Project("{FAE04EC0-301F-11D3-BF4B-00C04F79EFBC}") = "Assembly-CSharp-Editor", "Assembly-CSharp-Editor.csproj", "{93A37560-1FFC-30CE-71B6-131436E08B07}"
EndProject
Global
	GlobalSection(SolutionConfigurationPlatforms) = preSolution
		Debug|Any CPU = Debug|Any CPU
		Release|Any CPU = Release|Any CPU
	EndGlobalSection
	GlobalSection(ProjectConfigurationPlatforms) = postSolution
		{031A32CB-B0BF-81CF-E1B9-968921B0ED9C}.Debug|Any CPU.ActiveCfg = Debug|Any CPU
		{031A32CB-B0BF-81CF-E1B9-968921B0ED9C}.Debug|Any CPU.Build.0 = Debug|Any CPU
		{031A32CB-B0BF-81CF-E1B9-968921B0ED9C}.Release|Any CPU.ActiveCfg = Release|Any CPU
		{031A32CB-B0BF-81CF-E1B9-968921B0ED9C}.Release|Any CPU.Build.0 = Release|Any CPU
		{93A37560-1FFC-30CE-71B6-131436E08B07}.Debug|Any CPU.ActiveCfg = Debug|Any CPU
		{93A37560-1FFC-30CE-71B6-131436E08B07}.Debug|Any CPU.Build.0 = Debug|Any CPU
		{93A37560-1FFC-30CE-71B6-131436E08B07}.Release|Any CPU.ActiveCfg = Release|Any CPU
		{93A37560-1FFC-30CE-71B6-131436E08B07}.Release|Any CPU.Build.0 = Release|Any CPU
	EndGlobalSection
	GlobalSection(SolutionProperties) = preSolution
		HideSolutionNode = FALSE
	EndGlobalSection
EndGlobal
